
Microsoft Visual Studio Solution File, Format Version 12.00
# Visual Studio 15
VisualStudioVersion = 15.0.28307.1169
MinimumVisualStudioVersion = 10.0.40219.1
Project("{FAE04EC0-301F-11D3-BF4B-00C04F79EFBC}") = "ecommerce", "ecommerce\ecommerce.csproj", "{FCC70523-452F-49D9-9892-CF4A64286AD9}"
EndProject
Global
	GlobalSection(SolutionConfigurationPlatforms) = preSolution
		Debug|Any CPU = Debug|Any CPU
		Release|Any CPU = Release|Any CPU
	EndGlobalSection
	GlobalSection(ProjectConfigurationPlatforms) = postSolution
		{FCC70523-452F-49D9-9892-CF4A64286AD9}.Debug|Any CPU.ActiveCfg = Debug|Any CPU
		{FCC70523-452F-49D9-9892-CF4A64286AD9}.Debug|Any CPU.Build.0 = Debug|Any CPU
		{FCC70523-452F-49D9-9892-CF4A64286AD9}.Release|Any CPU.ActiveCfg = Release|Any CPU
		{FCC70523-452F-49D9-9892-CF4A64286AD9}.Release|Any CPU.Build.0 = Release|Any CPU
	EndGlobalSection
	GlobalSection(SolutionProperties) = preSolution
		HideSolutionNode = FALSE
	EndGlobalSection
	GlobalSection(ExtensibilityGlobals) = postSolution
		SolutionGuid = {8A07D1FF-6CF6-4B2A-8A8F-019F22918745}
	EndGlobalSection
EndGlobal
